// !$*UTF8*$!
{
	archiveVersion = 1;
	classes = {
	};
	objectVersion = 55;
	objects = {

/* Begin PBXBuildFile section */
		F4F073F72810B08C008F1292 /* AlgorithmsApp.swift in Sources */ = {isa = PBXBuildFile; fileRef = F4F073F62810B08C008F1292 /* AlgorithmsApp.swift */; };
		F4F073F92810B08C008F1292 /* ContentView.swift in Sources */ = {isa = PBXBuildFile; fileRef = F4F073F82810B08C008F1292 /* ContentView.swift */; };
		F4F073FB2810B08D008F1292 /* Assets.xcassets in Resources */ = {isa = PBXBuildFile; fileRef = F4F073FA2810B08D008F1292 /* Assets.xcassets */; };
		F4F073FE2810B08D008F1292 /* Preview Assets.xcassets in Resources */ = {isa = PBXBuildFile; fileRef = F4F073FD2810B08D008F1292 /* Preview Assets.xcassets */; };
		F4F074062810C5AB008F1292 /* SidebarButtonView.swift in Sources */ = {isa = PBXBuildFile; fileRef = F4F074052810C5AB008F1292 /* SidebarButtonView.swift */; };
		F4F074082810C5B7008F1292 /* SiderbarView.swift in Sources */ = {isa = PBXBuildFile; fileRef = F4F074072810C5B7008F1292 /* SiderbarView.swift */; };
		F4F0740A2810C5C1008F1292 /* SidebarSectionView.swift in Sources */ = {isa = PBXBuildFile; fileRef = F4F074092810C5C1008F1292 /* SidebarSectionView.swift */; };
		F4F074112810CB51008F1292 /* NavigationViewModel.swift in Sources */ = {isa = PBXBuildFile; fileRef = F4F074102810CB51008F1292 /* NavigationViewModel.swift */; };
		F4F074132810CB65008F1292 /* Routes.swift in Sources */ = {isa = PBXBuildFile; fileRef = F4F074122810CB65008F1292 /* Routes.swift */; };
		F4F074152810CF29008F1292 /* SidebarButton.swift in Sources */ = {isa = PBXBuildFile; fileRef = F4F074142810CF29008F1292 /* SidebarButton.swift */; };
		F4F074182810D0E3008F1292 /* SidebarLinks.swift in Sources */ = {isa = PBXBuildFile; fileRef = F4F074172810D0E3008F1292 /* SidebarLinks.swift */; };
		F4F0741A2810D0F1008F1292 /* SidebarSection.swift in Sources */ = {isa = PBXBuildFile; fileRef = F4F074192810D0F1008F1292 /* SidebarSection.swift */; };
		F4F0741F2810DA27008F1292 /* Extensions.swift in Sources */ = {isa = PBXBuildFile; fileRef = F4F0741E2810DA27008F1292 /* Extensions.swift */; };
		F4F074212810DADC008F1292 /* AlgorithmView.swift in Sources */ = {isa = PBXBuildFile; fileRef = F4F074202810DADC008F1292 /* AlgorithmView.swift */; };
		F4F074242810DB3B008F1292 /* QuicksortView.swift in Sources */ = {isa = PBXBuildFile; fileRef = F4F074232810DB3B008F1292 /* QuicksortView.swift */; };
		F4F074262810E260008F1292 /* QuicksortViewModel.swift in Sources */ = {isa = PBXBuildFile; fileRef = F4F074252810E260008F1292 /* QuicksortViewModel.swift */; };
/* End PBXBuildFile section */

/* Begin PBXFileReference section */
		F4F073F32810B08C008F1292 /* Algorithms.app */ = {isa = PBXFileReference; explicitFileType = wrapper.application; includeInIndex = 0; path = Algorithms.app; sourceTree = BUILT_PRODUCTS_DIR; };
		F4F073F62810B08C008F1292 /* AlgorithmsApp.swift */ = {isa = PBXFileReference; lastKnownFileType = sourcecode.swift; path = AlgorithmsApp.swift; sourceTree = "<group>"; };
		F4F073F82810B08C008F1292 /* ContentView.swift */ = {isa = PBXFileReference; lastKnownFileType = sourcecode.swift; path = ContentView.swift; sourceTree = "<group>"; };
		F4F073FA2810B08D008F1292 /* Assets.xcassets */ = {isa = PBXFileReference; lastKnownFileType = folder.assetcatalog; path = Assets.xcassets; sourceTree = "<group>"; };
		F4F073FD2810B08D008F1292 /* Preview Assets.xcassets */ = {isa = PBXFileReference; lastKnownFileType = folder.assetcatalog; path = "Preview Assets.xcassets"; sourceTree = "<group>"; };
		F4F073FF2810B08D008F1292 /* Algorithms.entitlements */ = {isa = PBXFileReference; lastKnownFileType = text.plist.entitlements; path = Algorithms.entitlements; sourceTree = "<group>"; };
		F4F074052810C5AB008F1292 /* SidebarButtonView.swift */ = {isa = PBXFileReference; lastKnownFileType = sourcecode.swift; path = SidebarButtonView.swift; sourceTree = "<group>"; };
		F4F074072810C5B7008F1292 /* SiderbarView.swift */ = {isa = PBXFileReference; lastKnownFileType = sourcecode.swift; path = SiderbarView.swift; sourceTree = "<group>"; };
		F4F074092810C5C1008F1292 /* SidebarSectionView.swift */ = {isa = PBXFileReference; lastKnownFileType = sourcecode.swift; path = SidebarSectionView.swift; sourceTree = "<group>"; };
		F4F074102810CB51008F1292 /* NavigationViewModel.swift */ = {isa = PBXFileReference; lastKnownFileType = sourcecode.swift; path = NavigationViewModel.swift; sourceTree = "<group>"; };
		F4F074122810CB65008F1292 /* Routes.swift */ = {isa = PBXFileReference; lastKnownFileType = sourcecode.swift; path = Routes.swift; sourceTree = "<group>"; };
		F4F074142810CF29008F1292 /* SidebarButton.swift */ = {isa = PBXFileReference; lastKnownFileType = sourcecode.swift; path = SidebarButton.swift; sourceTree = "<group>"; };
		F4F074172810D0E3008F1292 /* SidebarLinks.swift */ = {isa = PBXFileReference; lastKnownFileType = sourcecode.swift; path = SidebarLinks.swift; sourceTree = "<group>"; };
		F4F074192810D0F1008F1292 /* SidebarSection.swift */ = {isa = PBXFileReference; lastKnownFileType = sourcecode.swift; path = SidebarSection.swift; sourceTree = "<group>"; };
		F4F0741E2810DA27008F1292 /* Extensions.swift */ = {isa = PBXFileReference; lastKnownFileType = sourcecode.swift; path = Extensions.swift; sourceTree = "<group>"; };
		F4F074202810DADC008F1292 /* AlgorithmView.swift */ = {isa = PBXFileReference; lastKnownFileType = sourcecode.swift; path = AlgorithmView.swift; sourceTree = "<group>"; };
		F4F074232810DB3B008F1292 /* QuicksortView.swift */ = {isa = PBXFileReference; lastKnownFileType = sourcecode.swift; path = QuicksortView.swift; sourceTree = "<group>"; };
		F4F074252810E260008F1292 /* QuicksortViewModel.swift */ = {isa = PBXFileReference; lastKnownFileType = sourcecode.swift; path = QuicksortViewModel.swift; sourceTree = "<group>"; };
/* End PBXFileReference section */

/* Begin PBXFrameworksBuildPhase section */
		F4F073F02810B08C008F1292 /* Frameworks */ = {
			isa = PBXFrameworksBuildPhase;
			buildActionMask = 2147483647;
			files = (
			);
			runOnlyForDeploymentPostprocessing = 0;
		};
/* End PBXFrameworksBuildPhase section */

/* Begin PBXGroup section */
		F4F073EA2810B08C008F1292 = {
			isa = PBXGroup;
			children = (
				F4F073F52810B08C008F1292 /* Algorithms */,
				F4F073F42810B08C008F1292 /* Products */,
			);
			sourceTree = "<group>";
		};
		F4F073F42810B08C008F1292 /* Products */ = {
			isa = PBXGroup;
			children = (
				F4F073F32810B08C008F1292 /* Algorithms.app */,
			);
			name = Products;
			sourceTree = "<group>";
		};
		F4F073F52810B08C008F1292 /* Algorithms */ = {
			isa = PBXGroup;
			children = (
				F4F073F62810B08C008F1292 /* AlgorithmsApp.swift */,
				F4F0740C2810CAD3008F1292 /* Views */,
				F4F0740D2810CAE5008F1292 /* Models */,
				F4F074162810D0B4008F1292 /* Constants */,
				F4F0740E2810CAEF008F1292 /* ViewModels */,
				F4F073FA2810B08D008F1292 /* Assets.xcassets */,
				F4F073FF2810B08D008F1292 /* Algorithms.entitlements */,
				F4F073FC2810B08D008F1292 /* Preview Content */,
			);
			path = Algorithms;
			sourceTree = "<group>";
		};
		F4F073FC2810B08D008F1292 /* Preview Content */ = {
			isa = PBXGroup;
			children = (
				F4F073FD2810B08D008F1292 /* Preview Assets.xcassets */,
			);
			path = "Preview Content";
			sourceTree = "<group>";
		};
		F4F0740B2810CAC7008F1292 /* Sidebar */ = {
			isa = PBXGroup;
			children = (
				F4F074072810C5B7008F1292 /* SiderbarView.swift */,
				F4F074092810C5C1008F1292 /* SidebarSectionView.swift */,
				F4F074052810C5AB008F1292 /* SidebarButtonView.swift */,
			);
			path = Sidebar;
			sourceTree = "<group>";
		};
		F4F0740C2810CAD3008F1292 /* Views */ = {
			isa = PBXGroup;
			children = (
				F4F074222810DB16008F1292 /* Visualizations */,
				F4F0741D2810D9C8008F1292 /* Common */,
				F4F0740B2810CAC7008F1292 /* Sidebar */,
				F4F073F82810B08C008F1292 /* ContentView.swift */,
				F4F074202810DADC008F1292 /* AlgorithmView.swift */,
			);
			path = Views;
			sourceTree = "<group>";
		};
		F4F0740D2810CAE5008F1292 /* Models */ = {
			isa = PBXGroup;
			children = (
				F4F074122810CB65008F1292 /* Routes.swift */,
				F4F074142810CF29008F1292 /* SidebarButton.swift */,
				F4F074192810D0F1008F1292 /* SidebarSection.swift */,
			);
			path = Models;
			sourceTree = "<group>";
		};
		F4F0740E2810CAEF008F1292 /* ViewModels */ = {
			isa = PBXGroup;
			children = (
				F4F074102810CB51008F1292 /* NavigationViewModel.swift */,
				F4F074252810E260008F1292 /* QuicksortViewModel.swift */,
			);
			path = ViewModels;
			sourceTree = "<group>";
		};
		F4F074162810D0B4008F1292 /* Constants */ = {
			isa = PBXGroup;
			children = (
				F4F074172810D0E3008F1292 /* SidebarLinks.swift */,
				F4F0741E2810DA27008F1292 /* Extensions.swift */,
			);
			path = Constants;
			sourceTree = "<group>";
		};
		F4F0741D2810D9C8008F1292 /* Common */ = {
			isa = PBXGroup;
			children = (
			);
			path = Common;
			sourceTree = "<group>";
		};
		F4F074222810DB16008F1292 /* Visualizations */ = {
			isa = PBXGroup;
			children = (
				F4F074232810DB3B008F1292 /* QuicksortView.swift */,
			);
			path = Visualizations;
			sourceTree = "<group>";
		};
/* End PBXGroup section */

/* Begin PBXNativeTarget section */
		F4F073F22810B08C008F1292 /* Algorithms */ = {
			isa = PBXNativeTarget;
			buildConfigurationList = F4F074022810B08D008F1292 /* Build configuration list for PBXNativeTarget "Algorithms" */;
			buildPhases = (
				F4F073EF2810B08C008F1292 /* Sources */,
				F4F073F02810B08C008F1292 /* Frameworks */,
				F4F073F12810B08C008F1292 /* Resources */,
			);
			buildRules = (
			);
			dependencies = (
			);
			name = Algorithms;
			productName = Algorithms;
			productReference = F4F073F32810B08C008F1292 /* Algorithms.app */;
			productType = "com.apple.product-type.application";
		};
/* End PBXNativeTarget section */

/* Begin PBXProject section */
		F4F073EB2810B08C008F1292 /* Project object */ = {
			isa = PBXProject;
			attributes = {
				BuildIndependentTargetsInParallel = 1;
				LastSwiftUpdateCheck = 1330;
				LastUpgradeCheck = 1330;
				TargetAttributes = {
					F4F073F22810B08C008F1292 = {
						CreatedOnToolsVersion = 13.3.1;
					};
				};
			};
			buildConfigurationList = F4F073EE2810B08C008F1292 /* Build configuration list for PBXProject "Algorithms" */;
			compatibilityVersion = "Xcode 13.0";
			developmentRegion = en;
			hasScannedForEncodings = 0;
			knownRegions = (
				en,
				Base,
			);
			mainGroup = F4F073EA2810B08C008F1292;
			productRefGroup = F4F073F42810B08C008F1292 /* Products */;
			projectDirPath = "";
			projectRoot = "";
			targets = (
				F4F073F22810B08C008F1292 /* Algorithms */,
			);
		};
/* End PBXProject section */

/* Begin PBXResourcesBuildPhase section */
		F4F073F12810B08C008F1292 /* Resources */ = {
			isa = PBXResourcesBuildPhase;
			buildActionMask = 2147483647;
			files = (
				F4F073FE2810B08D008F1292 /* Preview Assets.xcassets in Resources */,
				F4F073FB2810B08D008F1292 /* Assets.xcassets in Resources */,
			);
			runOnlyForDeploymentPostprocessing = 0;
		};
/* End PBXResourcesBuildPhase section */

/* Begin PBXSourcesBuildPhase section */
		F4F073EF2810B08C008F1292 /* Sources */ = {
			isa = PBXSourcesBuildPhase;
			buildActionMask = 2147483647;
			files = (
				F4F073F92810B08C008F1292 /* ContentView.swift in Sources */,
				F4F074132810CB65008F1292 /* Routes.swift in Sources */,
				F4F074242810DB3B008F1292 /* QuicksortView.swift in Sources */,
				F4F0741A2810D0F1008F1292 /* SidebarSection.swift in Sources */,
				F4F074112810CB51008F1292 /* NavigationViewModel.swift in Sources */,
				F4F074082810C5B7008F1292 /* SiderbarView.swift in Sources */,
				F4F074152810CF29008F1292 /* SidebarButton.swift in Sources */,
				F4F0741F2810DA27008F1292 /* Extensions.swift in Sources */,
				F4F0740A2810C5C1008F1292 /* SidebarSectionView.swift in Sources */,
				F4F074212810DADC008F1292 /* AlgorithmView.swift in Sources */,
				F4F073F72810B08C008F1292 /* AlgorithmsApp.swift in Sources */,
				F4F074182810D0E3008F1292 /* SidebarLinks.swift in Sources */,
				F4F074262810E260008F1292 /* QuicksortViewModel.swift in Sources */,
				F4F074062810C5AB008F1292 /* SidebarButtonView.swift in Sources */,
			);
			runOnlyForDeploymentPostprocessing = 0;
		};
/* End PBXSourcesBuildPhase section */

/* Begin XCBuildConfiguration section */
		F4F074002810B08D008F1292 /* Debug */ = {
			isa = XCBuildConfiguration;
			buildSettings = {
				ALWAYS_SEARCH_USER_PATHS = NO;
				CLANG_ANALYZER_NONNULL = YES;
				CLANG_ANALYZER_NUMBER_OBJECT_CONVERSION = YES_AGGRESSIVE;
				CLANG_CXX_LANGUAGE_STANDARD = "gnu++17";
				CLANG_ENABLE_MODULES = YES;
				CLANG_ENABLE_OBJC_ARC = YES;
				CLANG_ENABLE_OBJC_WEAK = YES;
				CLANG_WARN_BLOCK_CAPTURE_AUTORELEASING = YES;
				CLANG_WARN_BOOL_CONVERSION = YES;
				CLANG_WARN_COMMA = YES;
				CLANG_WARN_CONSTANT_CONVERSION = YES;
				CLANG_WARN_DEPRECATED_OBJC_IMPLEMENTATIONS = YES;
				CLANG_WARN_DIRECT_OBJC_ISA_USAGE = YES_ERROR;
				CLANG_WARN_DOCUMENTATION_COMMENTS = YES;
				CLANG_WARN_EMPTY_BODY = YES;
				CLANG_WARN_ENUM_CONVERSION = YES;
				CLANG_WARN_INFINITE_RECURSION = YES;
				CLANG_WARN_INT_CONVERSION = YES;
				CLANG_WARN_NON_LITERAL_NULL_CONVERSION = YES;
				CLANG_WARN_OBJC_IMPLICIT_RETAIN_SELF = YES;
				CLANG_WARN_OBJC_LITERAL_CONVERSION = YES;
				CLANG_WARN_OBJC_ROOT_CLASS = YES_ERROR;
				CLANG_WARN_QUOTED_INCLUDE_IN_FRAMEWORK_HEADER = YES;
				CLANG_WARN_RANGE_LOOP_ANALYSIS = YES;
				CLANG_WARN_STRICT_PROTOTYPES = YES;
				CLANG_WARN_SUSPICIOUS_MOVE = YES;
				CLANG_WARN_UNGUARDED_AVAILABILITY = YES_AGGRESSIVE;
				CLANG_WARN_UNREACHABLE_CODE = YES;
				CLANG_WARN__DUPLICATE_METHOD_MATCH = YES;
				COPY_PHASE_STRIP = NO;
				DEBUG_INFORMATION_FORMAT = dwarf;
				ENABLE_STRICT_OBJC_MSGSEND = YES;
				ENABLE_TESTABILITY = YES;
				GCC_C_LANGUAGE_STANDARD = gnu11;
				GCC_DYNAMIC_NO_PIC = NO;
				GCC_NO_COMMON_BLOCKS = YES;
				GCC_OPTIMIZATION_LEVEL = 0;
				GCC_PREPROCESSOR_DEFINITIONS = (
					"DEBUG=1",
					"$(inherited)",
				);
				GCC_WARN_64_TO_32_BIT_CONVERSION = YES;
				GCC_WARN_ABOUT_RETURN_TYPE = YES_ERROR;
				GCC_WARN_UNDECLARED_SELECTOR = YES;
				GCC_WARN_UNINITIALIZED_AUTOS = YES_AGGRESSIVE;
				GCC_WARN_UNUSED_FUNCTION = YES;
				GCC_WARN_UNUSED_VARIABLE = YES;
				MACOSX_DEPLOYMENT_TARGET = 12.3;
				MTL_ENABLE_DEBUG_INFO = INCLUDE_SOURCE;
				MTL_FAST_MATH = YES;
				ONLY_ACTIVE_ARCH = YES;
				SDKROOT = macosx;
				SWIFT_ACTIVE_COMPILATION_CONDITIONS = DEBUG;
				SWIFT_OPTIMIZATION_LEVEL = "-Onone";
			};
			name = Debug;
		};
		F4F074012810B08D008F1292 /* Release */ = {
			isa = XCBuildConfiguration;
			buildSettings = {
				ALWAYS_SEARCH_USER_PATHS = NO;
				CLANG_ANALYZER_NONNULL = YES;
				CLANG_ANALYZER_NUMBER_OBJECT_CONVERSION = YES_AGGRESSIVE;
				CLANG_CXX_LANGUAGE_STANDARD = "gnu++17";
				CLANG_ENABLE_MODULES = YES;
				CLANG_ENABLE_OBJC_ARC = YES;
				CLANG_ENABLE_OBJC_WEAK = YES;
				CLANG_WARN_BLOCK_CAPTURE_AUTORELEASING = YES;
				CLANG_WARN_BOOL_CONVERSION = YES;
				CLANG_WARN_COMMA = YES;
				CLANG_WARN_CONSTANT_CONVERSION = YES;
				CLANG_WARN_DEPRECATED_OBJC_IMPLEMENTATIONS = YES;
				CLANG_WARN_DIRECT_OBJC_ISA_USAGE = YES_ERROR;
				CLANG_WARN_DOCUMENTATION_COMMENTS = YES;
				CLANG_WARN_EMPTY_BODY = YES;
				CLANG_WARN_ENUM_CONVERSION = YES;
				CLANG_WARN_INFINITE_RECURSION = YES;
				CLANG_WARN_INT_CONVERSION = YES;
				CLANG_WARN_NON_LITERAL_NULL_CONVERSION = YES;
				CLANG_WARN_OBJC_IMPLICIT_RETAIN_SELF = YES;
				CLANG_WARN_OBJC_LITERAL_CONVERSION = YES;
				CLANG_WARN_OBJC_ROOT_CLASS = YES_ERROR;
				CLANG_WARN_QUOTED_INCLUDE_IN_FRAMEWORK_HEADER = YES;
				CLANG_WARN_RANGE_LOOP_ANALYSIS = YES;
				CLANG_WARN_STRICT_PROTOTYPES = YES;
				CLANG_WARN_SUSPICIOUS_MOVE = YES;
				CLANG_WARN_UNGUARDED_AVAILABILITY = YES_AGGRESSIVE;
				CLANG_WARN_UNREACHABLE_CODE = YES;
				CLANG_WARN__DUPLICATE_METHOD_MATCH = YES;
				COPY_PHASE_STRIP = NO;
				DEBUG_INFORMATION_FORMAT = "dwarf-with-dsym";
				ENABLE_NS_ASSERTIONS = NO;
				ENABLE_STRICT_OBJC_MSGSEND = YES;
				GCC_C_LANGUAGE_STANDARD = gnu11;
				GCC_NO_COMMON_BLOCKS = YES;
				GCC_WARN_64_TO_32_BIT_CONVERSION = YES;
				GCC_WARN_ABOUT_RETURN_TYPE = YES_ERROR;
				GCC_WARN_UNDECLARED_SELECTOR = YES;
				GCC_WARN_UNINITIALIZED_AUTOS = YES_AGGRESSIVE;
				GCC_WARN_UNUSED_FUNCTION = YES;
				GCC_WARN_UNUSED_VARIABLE = YES;
				MACOSX_DEPLOYMENT_TARGET = 12.3;
				MTL_ENABLE_DEBUG_INFO = NO;
				MTL_FAST_MATH = YES;
				SDKROOT = macosx;
				SWIFT_COMPILATION_MODE = wholemodule;
				SWIFT_OPTIMIZATION_LEVEL = "-O";
			};
			name = Release;
		};
		F4F074032810B08D008F1292 /* Debug */ = {
			isa = XCBuildConfiguration;
			buildSettings = {
				ASSETCATALOG_COMPILER_APPICON_NAME = AppIcon;
				ASSETCATALOG_COMPILER_GLOBAL_ACCENT_COLOR_NAME = AccentColor;
				CODE_SIGN_ENTITLEMENTS = Algorithms/Algorithms.entitlements;
				CODE_SIGN_STYLE = Automatic;
				COMBINE_HIDPI_IMAGES = YES;
				CURRENT_PROJECT_VERSION = 1;
				DEVELOPMENT_ASSET_PATHS = "\"Algorithms/Preview Content\"";
				DEVELOPMENT_TEAM = A3E5NJZ7MX;
				ENABLE_HARDENED_RUNTIME = YES;
				ENABLE_PREVIEWS = YES;
				GENERATE_INFOPLIST_FILE = YES;
				INFOPLIST_KEY_NSHumanReadableCopyright = "";
				LD_RUNPATH_SEARCH_PATHS = (
					"$(inherited)",
					"@executable_path/../Frameworks",
				);
				MARKETING_VERSION = 1.0;
				PRODUCT_BUNDLE_IDENTIFIER = com.robs.Algorithms;
				PRODUCT_NAME = "$(TARGET_NAME)";
				SWIFT_EMIT_LOC_STRINGS = YES;
				SWIFT_VERSION = 5.0;
			};
			name = Debug;
		};
		F4F074042810B08D008F1292 /* Release */ = {
			isa = XCBuildConfiguration;
			buildSettings = {
				ASSETCATALOG_COMPILER_APPICON_NAME = AppIcon;
				ASSETCATALOG_COMPILER_GLOBAL_ACCENT_COLOR_NAME = AccentColor;
				CODE_SIGN_ENTITLEMENTS = Algorithms/Algorithms.entitlements;
				CODE_SIGN_STYLE = Automatic;
				COMBINE_HIDPI_IMAGES = YES;
				CURRENT_PROJECT_VERSION = 1;
				DEVELOPMENT_ASSET_PATHS = "\"Algorithms/Preview Content\"";
				DEVELOPMENT_TEAM = A3E5NJZ7MX;
				ENABLE_HARDENED_RUNTIME = YES;
				ENABLE_PREVIEWS = YES;
				GENERATE_INFOPLIST_FILE = YES;
				INFOPLIST_KEY_NSHumanReadableCopyright = "";
				LD_RUNPATH_SEARCH_PATHS = (
					"$(inherited)",
					"@executable_path/../Frameworks",
				);
				MARKETING_VERSION = 1.0;
				PRODUCT_BUNDLE_IDENTIFIER = com.robs.Algorithms;
				PRODUCT_NAME = "$(TARGET_NAME)";
				SWIFT_EMIT_LOC_STRINGS = YES;
				SWIFT_VERSION = 5.0;
			};
			name = Release;
		};
/* End XCBuildConfiguration section */

/* Begin XCConfigurationList section */
		F4F073EE2810B08C008F1292 /* Build configuration list for PBXProject "Algorithms" */ = {
			isa = XCConfigurationList;
			buildConfigurations = (
				F4F074002810B08D008F1292 /* Debug */,
				F4F074012810B08D008F1292 /* Release */,
			);
			defaultConfigurationIsVisible = 0;
			defaultConfigurationName = Release;
		};
		F4F074022810B08D008F1292 /* Build configuration list for PBXNativeTarget "Algorithms" */ = {
			isa = XCConfigurationList;
			buildConfigurations = (
				F4F074032810B08D008F1292 /* Debug */,
				F4F074042810B08D008F1292 /* Release */,
			);
			defaultConfigurationIsVisible = 0;
			defaultConfigurationName = Release;
		};
/* End XCConfigurationList section */
	};
	rootObject = F4F073EB2810B08C008F1292 /* Project object */;
}
